
Microsoft Visual Studio Solution File, Format Version 12.00
# Visual Studio 15
VisualStudioVersion = 15.0.28307.329
MinimumVisualStudioVersion = 10.0.40219.1
Project("{FAE04EC0-301F-11D3-BF4B-00C04F79EFBC}") = "DevTime", "DevTime\DevTime.csproj", "{AD2031A5-E8C9-4C7C-AB60-8ADC98A3297E}"
EndProject
Global
	GlobalSection(SolutionConfigurationPlatforms) = preSolution
		Debug|Any CPU = Debug|Any CPU
		Release|Any CPU = Release|Any CPU
	EndGlobalSection
	GlobalSection(ProjectConfigurationPlatforms) = postSolution
		{AD2031A5-E8C9-4C7C-AB60-8ADC98A3297E}.Debug|Any CPU.ActiveCfg = Debug|Any CPU
		{AD2031A5-E8C9-4C7C-AB60-8ADC98A3297E}.Debug|Any CPU.Build.0 = Debug|Any CPU
		{AD2031A5-E8C9-4C7C-AB60-8ADC98A3297E}.Release|Any CPU.ActiveCfg = Release|Any CPU
		{AD2031A5-E8C9-4C7C-AB60-8ADC98A3297E}.Release|Any CPU.Build.0 = Release|Any CPU
	EndGlobalSection
	GlobalSection(SolutionProperties) = preSolution
		HideSolutionNode = FALSE
	EndGlobalSection
	GlobalSection(ExtensibilityGlobals) = postSolution
		SolutionGuid = {22106C19-9E33-4985-8CC7-274DE1C67DCE}
	EndGlobalSection
EndGlobal
